
Microsoft Visual Studio Solution File, Format Version 12.00
# Visual Studio Version 17
VisualStudioVersion = 17.2.32630.192
MinimumVisualStudioVersion = 10.0.40219.1
Project("{FAE04EC0-301F-11D3-BF4B-00C04F79EFBC}") = "Eticaret.Web", "Eticaret.Web\Eticaret.Web.csproj", "{D1FB83BF-4398-4927-9F87-77969C3F3209}"
EndProject
Project("{FAE04EC0-301F-11D3-BF4B-00C04F79EFBC}") = "Eticaret.Data", "Eticaret.Data\Eticaret.Data.csproj", "{12918169-18AF-4B5D-8748-0F77F035E8B0}"
EndProject
Global
	GlobalSection(SolutionConfigurationPlatforms) = preSolution
		Debug|Any CPU = Debug|Any CPU
		Release|Any CPU = Release|Any CPU
	EndGlobalSection
	GlobalSection(ProjectConfigurationPlatforms) = postSolution
		{D1FB83BF-4398-4927-9F87-77969C3F3209}.Debug|Any CPU.ActiveCfg = Debug|Any CPU
		{D1FB83BF-4398-4927-9F87-77969C3F3209}.Debug|Any CPU.Build.0 = Debug|Any CPU
		{D1FB83BF-4398-4927-9F87-77969C3F3209}.Release|Any CPU.ActiveCfg = Release|Any CPU
		{D1FB83BF-4398-4927-9F87-77969C3F3209}.Release|Any CPU.Build.0 = Release|Any CPU
		{12918169-18AF-4B5D-8748-0F77F035E8B0}.Debug|Any CPU.ActiveCfg = Debug|Any CPU
		{12918169-18AF-4B5D-8748-0F77F035E8B0}.Debug|Any CPU.Build.0 = Debug|Any CPU
		{12918169-18AF-4B5D-8748-0F77F035E8B0}.Release|Any CPU.ActiveCfg = Release|Any CPU
		{12918169-18AF-4B5D-8748-0F77F035E8B0}.Release|Any CPU.Build.0 = Release|Any CPU
	EndGlobalSection
	GlobalSection(SolutionProperties) = preSolution
		HideSolutionNode = FALSE
	EndGlobalSection
	GlobalSection(ExtensibilityGlobals) = postSolution
		SolutionGuid = {D356C15C-4D1C-42A3-BCEC-75C382E9F84D}
	EndGlobalSection
EndGlobal
